
Microsoft Visual Studio Solution File, Format Version 12.00
# Visual Studio Version 17
VisualStudioVersion = 17.0.32112.339
MinimumVisualStudioVersion = 10.0.40219.1
Project("{FAE04EC0-301F-11D3-BF4B-00C04F79EFBC}") = "ParcelDeliveryGame", "ParcelDeliveryGame\ParcelDeliveryGame.csproj", "{AD3D5FD2-52DB-4EA2-A195-BCC05FA875FA}"
EndProject
Global
	GlobalSection(SolutionConfigurationPlatforms) = preSolution
		Debug|Any CPU = Debug|Any CPU
		Release|Any CPU = Release|Any CPU
	EndGlobalSection
	GlobalSection(ProjectConfigurationPlatforms) = postSolution
		{AD3D5FD2-52DB-4EA2-A195-BCC05FA875FA}.Debug|Any CPU.ActiveCfg = Debug|Any CPU
		{AD3D5FD2-52DB-4EA2-A195-BCC05FA875FA}.Debug|Any CPU.Build.0 = Debug|Any CPU
		{AD3D5FD2-52DB-4EA2-A195-BCC05FA875FA}.Release|Any CPU.ActiveCfg = Release|Any CPU
		{AD3D5FD2-52DB-4EA2-A195-BCC05FA875FA}.Release|Any CPU.Build.0 = Release|Any CPU
	EndGlobalSection
	GlobalSection(SolutionProperties) = preSolution
		HideSolutionNode = FALSE
	EndGlobalSection
	GlobalSection(ExtensibilityGlobals) = postSolution
		SolutionGuid = {24E3D027-2314-4192-9FD9-650B25357749}
	EndGlobalSection
EndGlobal
